
Microsoft Visual Studio Solution File, Format Version 12.00
# Visual Studio 14
VisualStudioVersion = 14.0.24720.0
MinimumVisualStudioVersion = 10.0.40219.1
Project("{FAE04EC0-301F-11D3-BF4B-00C04F79EFBC}") = "TicTacTo", "TicTacTo\TicTacTo.csproj", "{DBCB5775-DC09-469D-A893-D4528FB29A2D}"
EndProject
Project("{FAE04EC0-301F-11D3-BF4B-00C04F79EFBC}") = "Tree", "Tree\Tree.csproj", "{02BB7CB3-6D3A-4844-A5D4-80FB8E530B58}"
EndProject
